// !$*UTF8*$!
{
	archiveVersion = 1;
	classes = {
	};
	objectVersion = 50;
	objects = {

/* Begin PBXBuildFile section */
		125448873C62C7D7A4A4ECA0 /* Pods_myBest.framework in Frameworks */ = {isa = PBXBuildFile; fileRef = D66218C693E1FB7453E3E335 /* Pods_myBest.framework */; };
		736ADA2E2249E207002B3301 /* AppDelegate.swift in Sources */ = {isa = PBXBuildFile; fileRef = 736ADA2D2249E207002B3301 /* AppDelegate.swift */; };
		736ADA302249E207002B3301 /* ViewController.swift in Sources */ = {isa = PBXBuildFile; fileRef = 736ADA2F2249E207002B3301 /* ViewController.swift */; };
		736ADA332249E207002B3301 /* Main.storyboard in Resources */ = {isa = PBXBuildFile; fileRef = 736ADA312249E207002B3301 /* Main.storyboard */; };
		736ADA352249E208002B3301 /* Assets.xcassets in Resources */ = {isa = PBXBuildFile; fileRef = 736ADA342249E208002B3301 /* Assets.xcassets */; };
		736ADA382249E208002B3301 /* LaunchScreen.storyboard in Resources */ = {isa = PBXBuildFile; fileRef = 736ADA362249E208002B3301 /* LaunchScreen.storyboard */; };
/* End PBXBuildFile section */

/* Begin PBXFileReference section */
		736ADA2A2249E207002B3301 /* myBest.app */ = {isa = PBXFileReference; explicitFileType = wrapper.application; includeInIndex = 0; path = myBest.app; sourceTree = BUILT_PRODUCTS_DIR; };
		736ADA2D2249E207002B3301 /* AppDelegate.swift */ = {isa = PBXFileReference; lastKnownFileType = sourcecode.swift; path = AppDelegate.swift; sourceTree = "<group>"; };
		736ADA2F2249E207002B3301 /* ViewController.swift */ = {isa = PBXFileReference; lastKnownFileType = sourcecode.swift; path = ViewController.swift; sourceTree = "<group>"; };
		736ADA322249E207002B3301 /* Base */ = {isa = PBXFileReference; lastKnownFileType = file.storyboard; name = Base; path = Base.lproj/Main.storyboard; sourceTree = "<group>"; };
		736ADA342249E208002B3301 /* Assets.xcassets */ = {isa = PBXFileReference; lastKnownFileType = folder.assetcatalog; path = Assets.xcassets; sourceTree = "<group>"; };
		736ADA372249E208002B3301 /* Base */ = {isa = PBXFileReference; lastKnownFileType = file.storyboard; name = Base; path = Base.lproj/LaunchScreen.storyboard; sourceTree = "<group>"; };
		736ADA392249E208002B3301 /* Info.plist */ = {isa = PBXFileReference; lastKnownFileType = text.plist.xml; path = Info.plist; sourceTree = "<group>"; };
		9D6AC6C99FDADD0BF914C865 /* Pods-myBest.debug.xcconfig */ = {isa = PBXFileReference; includeInIndex = 1; lastKnownFileType = text.xcconfig; name = "Pods-myBest.debug.xcconfig"; path = "Target Support Files/Pods-myBest/Pods-myBest.debug.xcconfig"; sourceTree = "<group>"; };
		D66218C693E1FB7453E3E335 /* Pods_myBest.framework */ = {isa = PBXFileReference; explicitFileType = wrapper.framework; includeInIndex = 0; path = Pods_myBest.framework; sourceTree = BUILT_PRODUCTS_DIR; };
		E20A0AB6B4A4C9943D5DB1B5 /* Pods-myBest.release.xcconfig */ = {isa = PBXFileReference; includeInIndex = 1; lastKnownFileType = text.xcconfig; name = "Pods-myBest.release.xcconfig"; path = "Target Support Files/Pods-myBest/Pods-myBest.release.xcconfig"; sourceTree = "<group>"; };
/* End PBXFileReference section */

/* Begin PBXFrameworksBuildPhase section */
		736ADA272249E207002B3301 /* Frameworks */ = {
			isa = PBXFrameworksBuildPhase;
			buildActionMask = 2147483647;
			files = (
				125448873C62C7D7A4A4ECA0 /* Pods_myBest.framework in Frameworks */,
			);
			runOnlyForDeploymentPostprocessing = 0;
		};
/* End PBXFrameworksBuildPhase section */

/* Begin PBXGroup section */
		2ECA46B0A62F6938684CD6B8 /* Frameworks */ = {
			isa = PBXGroup;
			children = (
				D66218C693E1FB7453E3E335 /* Pods_myBest.framework */,
			);
			name = Frameworks;
			sourceTree = "<group>";
		};
		736ADA212249E207002B3301 = {
			isa = PBXGroup;
			children = (
				736ADA2C2249E207002B3301 /* myBest */,
				736ADA2B2249E207002B3301 /* Products */,
				E88D11A6053A19E7665982BF /* Pods */,
				2ECA46B0A62F6938684CD6B8 /* Frameworks */,
			);
			sourceTree = "<group>";
		};
		736ADA2B2249E207002B3301 /* Products */ = {
			isa = PBXGroup;
			children = (
				736ADA2A2249E207002B3301 /* myBest.app */,
			);
			name = Products;
			sourceTree = "<group>";
		};
		736ADA2C2249E207002B3301 /* myBest */ = {
			isa = PBXGroup;
			children = (
				736ADA2D2249E207002B3301 /* AppDelegate.swift */,
				736ADA2F2249E207002B3301 /* ViewController.swift */,
				736ADA312249E207002B3301 /* Main.storyboard */,
				736ADA342249E208002B3301 /* Assets.xcassets */,
				736ADA362249E208002B3301 /* LaunchScreen.storyboard */,
				736ADA392249E208002B3301 /* Info.plist */,
			);
			path = myBest;
			sourceTree = "<group>";
		};
		E88D11A6053A19E7665982BF /* Pods */ = {
			isa = PBXGroup;
			children = (
				9D6AC6C99FDADD0BF914C865 /* Pods-myBest.debug.xcconfig */,
				E20A0AB6B4A4C9943D5DB1B5 /* Pods-myBest.release.xcconfig */,
			);
			name = Pods;
			path = Pods;
			sourceTree = "<group>";
		};
/* End PBXGroup section */

/* Begin PBXNativeTarget section */
		736ADA292249E207002B3301 /* myBest */ = {
			isa = PBXNativeTarget;
			buildConfigurationList = 736ADA3C2249E208002B3301 /* Build configuration list for PBXNativeTarget "myBest" */;
			buildPhases = (
				685ED78FBDE6C85BEC0F4E06 /* [CP] Check Pods Manifest.lock */,
				736ADA262249E207002B3301 /* Sources */,
				736ADA272249E207002B3301 /* Frameworks */,
				736ADA282249E207002B3301 /* Resources */,
				94C089964BF762DBDC62628C /* [CP] Embed Pods Frameworks */,
			);
			buildRules = (
			);
			dependencies = (
			);
			name = myBest;
			productName = myBest;
			productReference = 736ADA2A2249E207002B3301 /* myBest.app */;
			productType = "com.apple.product-type.application";
		};
/* End PBXNativeTarget section */

/* Begin PBXProject section */
		736ADA222249E207002B3301 /* Project object */ = {
			isa = PBXProject;
			attributes = {
				LastSwiftUpdateCheck = 1010;
				LastUpgradeCheck = 1010;
				ORGANIZATIONNAME = "笹倉一也";
				TargetAttributes = {
					736ADA292249E207002B3301 = {
						CreatedOnToolsVersion = 10.1;
					};
				};
			};
			buildConfigurationList = 736ADA252249E207002B3301 /* Build configuration list for PBXProject "myBest" */;
			compatibilityVersion = "Xcode 9.3";
			developmentRegion = en;
			hasScannedForEncodings = 0;
			knownRegions = (
				en,
				Base,
			);
			mainGroup = 736ADA212249E207002B3301;
			productRefGroup = 736ADA2B2249E207002B3301 /* Products */;
			projectDirPath = "";
			projectRoot = "";
			targets = (
				736ADA292249E207002B3301 /* myBest */,
			);
		};
/* End PBXProject section */

/* Begin PBXResourcesBuildPhase section */
		736ADA282249E207002B3301 /* Resources */ = {
			isa = PBXResourcesBuildPhase;
			buildActionMask = 2147483647;
			files = (
				736ADA382249E208002B3301 /* LaunchScreen.storyboard in Resources */,
				736ADA352249E208002B3301 /* Assets.xcassets in Resources */,
				736ADA332249E207002B3301 /* Main.storyboard in Resources */,
			);
			runOnlyForDeploymentPostprocessing = 0;
		};
/* End PBXResourcesBuildPhase section */

/* Begin PBXShellScriptBuildPhase section */
		685ED78FBDE6C85BEC0F4E06 /* [CP] Check Pods Manifest.lock */ = {
			isa = PBXShellScriptBuildPhase;
			buildActionMask = 2147483647;
			files = (
			);
			inputFileListPaths = (
			);
			inputPaths = (
				"${PODS_PODFILE_DIR_PATH}/Podfile.lock",
				"${PODS_ROOT}/Manifest.lock",
			);
			name = "[CP] Check Pods Manifest.lock";
			outputFileListPaths = (
			);
			outputPaths = (
				"$(DERIVED_FILE_DIR)/Pods-myBest-checkManifestLockResult.txt",
			);
			runOnlyForDeploymentPostprocessing = 0;
			shellPath = /bin/sh;
			shellScript = "diff \"${PODS_PODFILE_DIR_PATH}/Podfile.lock\" \"${PODS_ROOT}/Manifest.lock\" > /dev/null\nif [ $? != 0 ] ; then\n    # print error to STDERR\n    echo \"error: The sandbox is not in sync with the Podfile.lock. Run 'pod install' or update your CocoaPods installation.\" >&2\n    exit 1\nfi\n# This output is used by Xcode 'outputs' to avoid re-running this script phase.\necho \"SUCCESS\" > \"${SCRIPT_OUTPUT_FILE_0}\"\n";
			showEnvVarsInLog = 0;
		};
		94C089964BF762DBDC62628C /* [CP] Embed Pods Frameworks */ = {
			isa = PBXShellScriptBuildPhase;
			buildActionMask = 2147483647;
			files = (
			);
			inputFileListPaths = (
			);
			inputPaths = (
				"${PODS_ROOT}/Target Support Files/Pods-myBest/Pods-myBest-frameworks.sh",
				"${BUILT_PRODUCTS_DIR}/Realm/Realm.framework",
				"${BUILT_PRODUCTS_DIR}/RealmSwift/RealmSwift.framework",
			);
			name = "[CP] Embed Pods Frameworks";
			outputFileListPaths = (
			);
			outputPaths = (
				"${TARGET_BUILD_DIR}/${FRAMEWORKS_FOLDER_PATH}/Realm.framework",
				"${TARGET_BUILD_DIR}/${FRAMEWORKS_FOLDER_PATH}/RealmSwift.framework",
			);
			runOnlyForDeploymentPostprocessing = 0;
			shellPath = /bin/sh;
			shellScript = "\"${PODS_ROOT}/Target Support Files/Pods-myBest/Pods-myBest-frameworks.sh\"\n";
			showEnvVarsInLog = 0;
		};
/* End PBXShellScriptBuildPhase section */

/* Begin PBXSourcesBuildPhase section */
		736ADA262249E207002B3301 /* Sources */ = {
			isa = PBXSourcesBuildPhase;
			buildActionMask = 2147483647;
			files = (
				736ADA302249E207002B3301 /* ViewController.swift in Sources */,
				736ADA2E2249E207002B3301 /* AppDelegate.swift in Sources */,
			);
			runOnlyForDeploymentPostprocessing = 0;
		};
/* End PBXSourcesBuildPhase section */

/* Begin PBXVariantGroup section */
		736ADA312249E207002B3301 /* Main.storyboard */ = {
			isa = PBXVariantGroup;
			children = (
				736ADA322249E207002B3301 /* Base */,
			);
			name = Main.storyboard;
			sourceTree = "<group>";
		};
		736ADA362249E208002B3301 /* LaunchScreen.storyboard */ = {
			isa = PBXVariantGroup;
			children = (
				736ADA372249E208002B3301 /* Base */,
			);
			name = LaunchScreen.storyboard;
			sourceTree = "<group>";
		};
/* End PBXVariantGroup section */

/* Begin XCBuildConfiguration section */
		736ADA3A2249E208002B3301 /* Debug */ = {
			isa = XCBuildConfiguration;
			buildSettings = {
				ALWAYS_SEARCH_USER_PATHS = NO;
				CLANG_ANALYZER_NONNULL = YES;
				CLANG_ANALYZER_NUMBER_OBJECT_CONVERSION = YES_AGGRESSIVE;
				CLANG_CXX_LANGUAGE_STANDARD = "gnu++14";
				CLANG_CXX_LIBRARY = "libc++";
				CLANG_ENABLE_MODULES = YES;
				CLANG_ENABLE_OBJC_ARC = YES;
				CLANG_ENABLE_OBJC_WEAK = YES;
				CLANG_WARN_BLOCK_CAPTURE_AUTORELEASING = YES;
				CLANG_WARN_BOOL_CONVERSION = YES;
				CLANG_WARN_COMMA = YES;
				CLANG_WARN_CONSTANT_CONVERSION = YES;
				CLANG_WARN_DEPRECATED_OBJC_IMPLEMENTATIONS = YES;
				CLANG_WARN_DIRECT_OBJC_ISA_USAGE = YES_ERROR;
				CLANG_WARN_DOCUMENTATION_COMMENTS = YES;
				CLANG_WARN_EMPTY_BODY = YES;
				CLANG_WARN_ENUM_CONVERSION = YES;
				CLANG_WARN_INFINITE_RECURSION = YES;
				CLANG_WARN_INT_CONVERSION = YES;
				CLANG_WARN_NON_LITERAL_NULL_CONVERSION = YES;
				CLANG_WARN_OBJC_IMPLICIT_RETAIN_SELF = YES;
				CLANG_WARN_OBJC_LITERAL_CONVERSION = YES;
				CLANG_WARN_OBJC_ROOT_CLASS = YES_ERROR;
				CLANG_WARN_RANGE_LOOP_ANALYSIS = YES;
				CLANG_WARN_STRICT_PROTOTYPES = YES;
				CLANG_WARN_SUSPICIOUS_MOVE = YES;
				CLANG_WARN_UNGUARDED_AVAILABILITY = YES_AGGRESSIVE;
				CLANG_WARN_UNREACHABLE_CODE = YES;
				CLANG_WARN__DUPLICATE_METHOD_MATCH = YES;
				CODE_SIGN_IDENTITY = "iPhone Developer";
				COPY_PHASE_STRIP = NO;
				DEBUG_INFORMATION_FORMAT = dwarf;
				ENABLE_STRICT_OBJC_MSGSEND = YES;
				ENABLE_TESTABILITY = YES;
				GCC_C_LANGUAGE_STANDARD = gnu11;
				GCC_DYNAMIC_NO_PIC = NO;
				GCC_NO_COMMON_BLOCKS = YES;
				GCC_OPTIMIZATION_LEVEL = 0;
				GCC_PREPROCESSOR_DEFINITIONS = (
					"DEBUG=1",
					"$(inherited)",
				);
				GCC_WARN_64_TO_32_BIT_CONVERSION = YES;
				GCC_WARN_ABOUT_RETURN_TYPE = YES_ERROR;
				GCC_WARN_UNDECLARED_SELECTOR = YES;
				GCC_WARN_UNINITIALIZED_AUTOS = YES_AGGRESSIVE;
				GCC_WARN_UNUSED_FUNCTION = YES;
				GCC_WARN_UNUSED_VARIABLE = YES;
				IPHONEOS_DEPLOYMENT_TARGET = 12.1;
				MTL_ENABLE_DEBUG_INFO = INCLUDE_SOURCE;
				MTL_FAST_MATH = YES;
				ONLY_ACTIVE_ARCH = YES;
				SDKROOT = iphoneos;
				SWIFT_ACTIVE_COMPILATION_CONDITIONS = DEBUG;
				SWIFT_OPTIMIZATION_LEVEL = "-Onone";
			};
			name = Debug;
		};
		736ADA3B2249E208002B3301 /* Release */ = {
			isa = XCBuildConfiguration;
			buildSettings = {
				ALWAYS_SEARCH_USER_PATHS = NO;
				CLANG_ANALYZER_NONNULL = YES;
				CLANG_ANALYZER_NUMBER_OBJECT_CONVERSION = YES_AGGRESSIVE;
				CLANG_CXX_LANGUAGE_STANDARD = "gnu++14";
				CLANG_CXX_LIBRARY = "libc++";
				CLANG_ENABLE_MODULES = YES;
				CLANG_ENABLE_OBJC_ARC = YES;
				CLANG_ENABLE_OBJC_WEAK = YES;
				CLANG_WARN_BLOCK_CAPTURE_AUTORELEASING = YES;
				CLANG_WARN_BOOL_CONVERSION = YES;
				CLANG_WARN_COMMA = YES;
				CLANG_WARN_CONSTANT_CONVERSION = YES;
				CLANG_WARN_DEPRECATED_OBJC_IMPLEMENTATIONS = YES;
				CLANG_WARN_DIRECT_OBJC_ISA_USAGE = YES_ERROR;
				CLANG_WARN_DOCUMENTATION_COMMENTS = YES;
				CLANG_WARN_EMPTY_BODY = YES;
				CLANG_WARN_ENUM_CONVERSION = YES;
				CLANG_WARN_INFINITE_RECURSION = YES;
				CLANG_WARN_INT_CONVERSION = YES;
				CLANG_WARN_NON_LITERAL_NULL_CONVERSION = YES;
				CLANG_WARN_OBJC_IMPLICIT_RETAIN_SELF = YES;
				CLANG_WARN_OBJC_LITERAL_CONVERSION = YES;
				CLANG_WARN_OBJC_ROOT_CLASS = YES_ERROR;
				CLANG_WARN_RANGE_LOOP_ANALYSIS = YES;
				CLANG_WARN_STRICT_PROTOTYPES = YES;
				CLANG_WARN_SUSPICIOUS_MOVE = YES;
				CLANG_WARN_UNGUARDED_AVAILABILITY = YES_AGGRESSIVE;
				CLANG_WARN_UNREACHABLE_CODE = YES;
				CLANG_WARN__DUPLICATE_METHOD_MATCH = YES;
				CODE_SIGN_IDENTITY = "iPhone Developer";
				COPY_PHASE_STRIP = NO;
				DEBUG_INFORMATION_FORMAT = "dwarf-with-dsym";
				ENABLE_NS_ASSERTIONS = NO;
				ENABLE_STRICT_OBJC_MSGSEND = YES;
				GCC_C_LANGUAGE_STANDARD = gnu11;
				GCC_NO_COMMON_BLOCKS = YES;
				GCC_WARN_64_TO_32_BIT_CONVERSION = YES;
				GCC_WARN_ABOUT_RETURN_TYPE = YES_ERROR;
				GCC_WARN_UNDECLARED_SELECTOR = YES;
				GCC_WARN_UNINITIALIZED_AUTOS = YES_AGGRESSIVE;
				GCC_WARN_UNUSED_FUNCTION = YES;
				GCC_WARN_UNUSED_VARIABLE = YES;
				IPHONEOS_DEPLOYMENT_TARGET = 12.1;
				MTL_ENABLE_DEBUG_INFO = NO;
				MTL_FAST_MATH = YES;
				SDKROOT = iphoneos;
				SWIFT_COMPILATION_MODE = wholemodule;
				SWIFT_OPTIMIZATION_LEVEL = "-O";
				VALIDATE_PRODUCT = YES;
			};
			name = Release;
		};
		736ADA3D2249E208002B3301 /* Debug */ = {
			isa = XCBuildConfiguration;
			baseConfigurationReference = 9D6AC6C99FDADD0BF914C865 /* Pods-myBest.debug.xcconfig */;
			buildSettings = {
				ASSETCATALOG_COMPILER_APPICON_NAME = AppIcon;
				CODE_SIGN_STYLE = Automatic;
				DEVELOPMENT_TEAM = VNAV5S2KU6;
				INFOPLIST_FILE = myBest/Info.plist;
				LD_RUNPATH_SEARCH_PATHS = (
					"$(inherited)",
					"@executable_path/Frameworks",
				);
				PRODUCT_BUNDLE_IDENTIFIER = jp.88company.myBest;
				PRODUCT_NAME = "$(TARGET_NAME)";
				SWIFT_VERSION = 4.2;
				TARGETED_DEVICE_FAMILY = "1,2";
			};
			name = Debug;
		};
		736ADA3E2249E208002B3301 /* Release */ = {
			isa = XCBuildConfiguration;
			baseConfigurationReference = E20A0AB6B4A4C9943D5DB1B5 /* Pods-myBest.release.xcconfig */;
			buildSettings = {
				ASSETCATALOG_COMPILER_APPICON_NAME = AppIcon;
				CODE_SIGN_STYLE = Automatic;
				DEVELOPMENT_TEAM = VNAV5S2KU6;
				INFOPLIST_FILE = myBest/Info.plist;
				LD_RUNPATH_SEARCH_PATHS = (
					"$(inherited)",
					"@executable_path/Frameworks",
				);
				PRODUCT_BUNDLE_IDENTIFIER = jp.88company.myBest;
				PRODUCT_NAME = "$(TARGET_NAME)";
				SWIFT_VERSION = 4.2;
				TARGETED_DEVICE_FAMILY = "1,2";
			};
			name = Release;
		};
/* End XCBuildConfiguration section */

/* Begin XCConfigurationList section */
		736ADA252249E207002B3301 /* Build configuration list for PBXProject "myBest" */ = {
			isa = XCConfigurationList;
			buildConfigurations = (
				736ADA3A2249E208002B3301 /* Debug */,
				736ADA3B2249E208002B3301 /* Release */,
			);
			defaultConfigurationIsVisible = 0;
			defaultConfigurationName = Release;
		};
		736ADA3C2249E208002B3301 /* Build configuration list for PBXNativeTarget "myBest" */ = {
			isa = XCConfigurationList;
			buildConfigurations = (
				736ADA3D2249E208002B3301 /* Debug */,
				736ADA3E2249E208002B3301 /* Release */,
			);
			defaultConfigurationIsVisible = 0;
			defaultConfigurationName = Release;
		};
/* End XCConfigurationList section */
	};
	rootObject = 736ADA222249E207002B3301 /* Project object */;
}
